
Microsoft Visual Studio Solution File, Format Version 12.00
# Visual Studio Version 17
VisualStudioVersion = 17.14.36414.22 d17.14
MinimumVisualStudioVersion = 10.0.40219.1
Project("{FAE04EC0-301F-11D3-BF4B-00C04F79EFBC}") = "MazeGame", "MazeGame\MazeGame.csproj", "{F6322999-50E3-49D8-A743-956995C14E6F}"
EndProject
Global
	GlobalSection(SolutionConfigurationPlatforms) = preSolution
		Debug|Any CPU = Debug|Any CPU
		Release|Any CPU = Release|Any CPU
	EndGlobalSection
	GlobalSection(ProjectConfigurationPlatforms) = postSolution
		{F6322999-50E3-49D8-A743-956995C14E6F}.Debug|Any CPU.ActiveCfg = Debug|Any CPU
		{F6322999-50E3-49D8-A743-956995C14E6F}.Debug|Any CPU.Build.0 = Debug|Any CPU
		{F6322999-50E3-49D8-A743-956995C14E6F}.Release|Any CPU.ActiveCfg = Release|Any CPU
		{F6322999-50E3-49D8-A743-956995C14E6F}.Release|Any CPU.Build.0 = Release|Any CPU
	EndGlobalSection
	GlobalSection(SolutionProperties) = preSolution
		HideSolutionNode = FALSE
	EndGlobalSection
	GlobalSection(ExtensibilityGlobals) = postSolution
		SolutionGuid = {5B12F173-146E-4FF0-BA93-A960A0F787F5}
	EndGlobalSection
EndGlobal
